
Microsoft Visual Studio Solution File, Format Version 12.00
# Visual Studio Version 17
VisualStudioVersion = 17.0.31919.166
MinimumVisualStudioVersion = 10.0.40219.1
Project("{9A19103F-16F7-4668-BE54-9A1E7A4F7556}") = "ReadFile", "ReadFile.csproj", "{294AE233-42F6-4F03-9C10-63E104E16EB7}"
EndProject
Global
	GlobalSection(SolutionConfigurationPlatforms) = preSolution
		Debug|Any CPU = Debug|Any CPU
		Release|Any CPU = Release|Any CPU
	EndGlobalSection
	GlobalSection(ProjectConfigurationPlatforms) = postSolution
		{294AE233-42F6-4F03-9C10-63E104E16EB7}.Debug|Any CPU.ActiveCfg = Debug|Any CPU
		{294AE233-42F6-4F03-9C10-63E104E16EB7}.Debug|Any CPU.Build.0 = Debug|Any CPU
		{294AE233-42F6-4F03-9C10-63E104E16EB7}.Release|Any CPU.ActiveCfg = Release|Any CPU
		{294AE233-42F6-4F03-9C10-63E104E16EB7}.Release|Any CPU.Build.0 = Release|Any CPU
	EndGlobalSection
	GlobalSection(SolutionProperties) = preSolution
		HideSolutionNode = FALSE
	EndGlobalSection
	GlobalSection(ExtensibilityGlobals) = postSolution
		SolutionGuid = {C9647C82-1F5F-4DE0-B55A-F8B653CBBE55}
	EndGlobalSection
EndGlobal
